
Microsoft Visual Studio Solution File, Format Version 12.00
# Visual Studio Version 17
VisualStudioVersion = 17.6.33712.159
MinimumVisualStudioVersion = 10.0.40219.1
Project("{9A19103F-16F7-4668-BE54-9A1E7A4F7556}") = "ShiftGenius", "ShiftGenius\ShiftGenius.csproj", "{B6AFCEB6-49C8-4438-982D-F0CB0F30C7FF}"
EndProject
Project("{FAE04EC0-301F-11D3-BF4B-00C04F79EFBC}") = "ShiftGeniusLibDB", "ShiftGeniusLibDB\ShiftGeniusLibDB.csproj", "{E08DFB88-C5EB-47D4-BBF7-57B124BB45D3}"
EndProject
Global
	GlobalSection(SolutionConfigurationPlatforms) = preSolution
		Debug|Any CPU = Debug|Any CPU
		Release|Any CPU = Release|Any CPU
	EndGlobalSection
	GlobalSection(ProjectConfigurationPlatforms) = postSolution
		{B6AFCEB6-49C8-4438-982D-F0CB0F30C7FF}.Debug|Any CPU.ActiveCfg = Debug|Any CPU
		{B6AFCEB6-49C8-4438-982D-F0CB0F30C7FF}.Debug|Any CPU.Build.0 = Debug|Any CPU
		{B6AFCEB6-49C8-4438-982D-F0CB0F30C7FF}.Release|Any CPU.ActiveCfg = Release|Any CPU
		{B6AFCEB6-49C8-4438-982D-F0CB0F30C7FF}.Release|Any CPU.Build.0 = Release|Any CPU
		{E08DFB88-C5EB-47D4-BBF7-57B124BB45D3}.Debug|Any CPU.ActiveCfg = Debug|Any CPU
		{E08DFB88-C5EB-47D4-BBF7-57B124BB45D3}.Debug|Any CPU.Build.0 = Debug|Any CPU
		{E08DFB88-C5EB-47D4-BBF7-57B124BB45D3}.Release|Any CPU.ActiveCfg = Release|Any CPU
		{E08DFB88-C5EB-47D4-BBF7-57B124BB45D3}.Release|Any CPU.Build.0 = Release|Any CPU
	EndGlobalSection
	GlobalSection(SolutionProperties) = preSolution
		HideSolutionNode = FALSE
	EndGlobalSection
	GlobalSection(ExtensibilityGlobals) = postSolution
		SolutionGuid = {CA7B4A85-4A34-463B-B5D8-EFF8651C1C29}
	EndGlobalSection
EndGlobal
